<Solution>
  <Project Path="src/Abstraction/nucleotidz.token.limiter.abstraction/nucleotidz.token.limiter.abstraction.csproj" Id="a3e9a609-55f1-4d40-aa5b-557d10fe034d" />
  <Project Path="src/nucleotidz.token.limiter/nucleotidz.token.limiter.csproj" Id="260f85ce-22b3-4f2d-b3dc-00931e7afd30" />
</Solution>
